#MicroXplorer Configuration settings - do not modify
ADC1.Channel-0\#ChannelRegularConversion=ADC_CHANNEL_1
ADC1.IPParameters=Rank-0\#ChannelRegularConversion,Channel-0\#ChannelRegularConversion,SamplingTime-0\#ChannelRegularConversion,OffsetNumber-0\#ChannelRegularConversion,NbrOfConversionFlag,master
ADC1.NbrOfConversionFlag=1
ADC1.OffsetNumber-0\#ChannelRegularConversion=ADC_OFFSET_NONE
ADC1.Rank-0\#ChannelRegularConversion=1
ADC1.SamplingTime-0\#ChannelRegularConversion=ADC_SAMPLETIME_1CYCLE_5
ADC1.master=1
CortexM4.IPs=DEBUG,FATFS_M4\:I,FREERTOS_M4\:I,IWDG2\:I,PDM2PCM_M4\:I,PWR,RCC,RESMGR_UTILITY,SYS_M4\:I,USB_DEVICE_M4\:I,USB_HOST_M4\:I,WWDG2\:I,DMA,BDMA,MDMA,NVIC2\:I
CortexM7.IPs=CORTEX_M7\:I,DEBUG\:I,FATFS_M7\:I,FREERTOS_M7\:I,IWDG1\:I,PDM2PCM_M7\:I,PWR\:I,RCC\:I,RESMGR_UTILITY\:I,SYS\:I,USB_DEVICE_M7\:I,USB_HOST_M7\:I,WWDG1\:I,DMA\:I,BDMA\:I,MDMA\:I,NVIC1\:I,ADC1\:I,FDCAN1\:I,USART1\:I,USART2\:I,SPI2\:I,I2C2\:I,USART3\:I,SDMMC1\:I,SPI1\:I,USART6\:I
File.Version=6
GPIO.groupedBy=
KeepUserPlacement=false
Mcu.Context0=CortexM7
Mcu.Context1=CortexM4
Mcu.ContextNb=2
Mcu.Family=STM32H7
Mcu.IP0=ADC1
Mcu.IP1=CORTEX_M7
Mcu.IP10=SPI2
Mcu.IP11=SYS
Mcu.IP12=SYS_M4
Mcu.IP13=USART1
Mcu.IP14=USART2
Mcu.IP15=USART3
Mcu.IP2=DEBUG
Mcu.IP3=FDCAN1
Mcu.IP4=I2C2
Mcu.IP5=NVIC1
Mcu.IP6=NVIC2
Mcu.IP7=RCC
Mcu.IP8=SDMMC1
Mcu.IP9=SPI1
Mcu.IPNb=16
Mcu.Name=STM32H747XIHx
Mcu.Package=TFBGA240
Mcu.Pin0=PB5
Mcu.Pin1=PG10
Mcu.Pin10=PC11
Mcu.Pin11=PA14 (JTCK/SWCLK)
Mcu.Pin12=PI2
Mcu.Pin13=PH14
Mcu.Pin14=PE2
Mcu.Pin15=PE0
Mcu.Pin16=PB7
Mcu.Pin17=PG12
Mcu.Pin18=PC12
Mcu.Pin19=PI3
Mcu.Pin2=PG9
Mcu.Pin20=PA13 (JTMS/SWDIO)
Mcu.Pin21=PE5
Mcu.Pin22=PE4
Mcu.Pin23=PE3
Mcu.Pin24=PD2
Mcu.Pin25=PH13
Mcu.Pin26=PE6
Mcu.Pin27=PC8
Mcu.Pin28=PC9
Mcu.Pin29=PF1
Mcu.Pin3=PD5
Mcu.Pin30=PF0
Mcu.Pin31=PJ11
Mcu.Pin32=PJ10
Mcu.Pin33=PJ9
Mcu.Pin34=PJ0
Mcu.Pin35=PE10
Mcu.Pin36=PJ8
Mcu.Pin37=PJ7
Mcu.Pin38=PJ6
Mcu.Pin39=PJ1
Mcu.Pin4=PC10
Mcu.Pin40=PE9
Mcu.Pin41=PE11
Mcu.Pin42=PB10
Mcu.Pin43=PB11
Mcu.Pin44=PA6
Mcu.Pin45=PA7
Mcu.Pin46=PF12
Mcu.Pin47=PE12
Mcu.Pin48=PE15
Mcu.Pin49=PJ5
Mcu.Pin5=PI1
Mcu.Pin50=PD12
Mcu.Pin51=PA0_C
Mcu.Pin52=PA1_C
Mcu.Pin53=PC4
Mcu.Pin54=PB1
Mcu.Pin55=PJ2
Mcu.Pin56=PF11
Mcu.Pin57=PE8
Mcu.Pin58=PE13
Mcu.Pin59=PJ3
Mcu.Pin6=PE1
Mcu.Pin60=PJ4
Mcu.Pin61=PE7
Mcu.Pin62=PE14
Mcu.Pin63=VP_SYS_VS_Systick
Mcu.Pin64=VP_SYS_M4_VS_Systick
Mcu.Pin7=PB6
Mcu.Pin8=PG11
Mcu.Pin9=PD6
Mcu.PinsNb=65
Mcu.ThirdPartyNb=0
Mcu.UserConstants=
Mcu.UserName=STM32H747XIHx
MxCube.Version=5.5.0
MxDb.Version=DB.5.0.50
NVIC1.BusFault_IRQn=true\:0\:0\:false\:false\:true\:false\:false
NVIC1.DebugMonitor_IRQn=true\:0\:0\:false\:false\:true\:false\:false
NVIC1.ForceEnableDMAVector=true
NVIC1.HardFault_IRQn=true\:0\:0\:false\:false\:true\:false\:false
NVIC1.MemoryManagement_IRQn=true\:0\:0\:false\:false\:true\:false\:false
NVIC1.NonMaskableInt_IRQn=true\:0\:0\:false\:false\:true\:false\:false
NVIC1.PendSV_IRQn=true\:0\:0\:false\:false\:true\:false\:false
NVIC1.PriorityGroup=NVIC_PRIORITYGROUP_4
NVIC1.SVCall_IRQn=true\:0\:0\:false\:false\:true\:false\:false
NVIC1.SysTick_IRQn=true\:0\:0\:false\:false\:true\:false\:true
NVIC1.UsageFault_IRQn=true\:0\:0\:false\:false\:true\:false\:false
NVIC2.BusFault_IRQn=true\:0\:0\:false\:false\:true\:false\:false
NVIC2.DebugMonitor_IRQn=true\:0\:0\:false\:false\:true\:false\:false
NVIC2.ForceEnableDMAVector=true
NVIC2.HardFault_IRQn=true\:0\:0\:false\:false\:true\:false\:false
NVIC2.MemoryManagement_IRQn=true\:0\:0\:false\:false\:true\:false\:false
NVIC2.NonMaskableInt_IRQn=true\:0\:0\:false\:false\:true\:false\:false
NVIC2.PendSV_IRQn=true\:0\:0\:false\:false\:true\:false\:false
NVIC2.PriorityGroup=NVIC_PRIORITYGROUP_4
NVIC2.SVCall_IRQn=true\:0\:0\:false\:false\:true\:false\:false
NVIC2.SysTick_IRQn=true\:0\:0\:false\:false\:true\:false\:true
NVIC2.UsageFault_IRQn=true\:0\:0\:false\:false\:true\:false\:false
PA0_C.GPIOParameters=PinAttribute
PA0_C.PinAttribute=CortexM7
PA0_C.Signal=ADCx_INP0
PA13\ (JTMS/SWDIO).GPIOParameters=PinAttribute
PA13\ (JTMS/SWDIO).Mode=Serial_Wire
PA13\ (JTMS/SWDIO).PinAttribute=CortexM7
PA13\ (JTMS/SWDIO).Signal=DEBUG_JTMS-SWDIO
PA14\ (JTCK/SWCLK).GPIOParameters=PinAttribute
PA14\ (JTCK/SWCLK).Mode=Serial_Wire
PA14\ (JTCK/SWCLK).PinAttribute=CortexM7
PA14\ (JTCK/SWCLK).Signal=DEBUG_JTCK-SWCLK
PA1_C.GPIOParameters=PinAttribute
PA1_C.PinAttribute=CortexM7
PA1_C.Signal=ADCx_INP1
PA6.GPIOParameters=PinAttribute
PA6.PinAttribute=CortexM7
PA6.Signal=ADCx_INP3
PA7.GPIOParameters=PinAttribute
PA7.PinAttribute=CortexM7
PA7.Signal=ADCx_INP7
PB1.GPIOParameters=PinAttribute
PB1.PinAttribute=CortexM7
PB1.Signal=ADCx_INP5
PB10.GPIOParameters=PinAttribute
PB10.Mode=Asynchronous
PB10.PinAttribute=CortexM7
PB10.Signal=USART3_TX
PB11.GPIOParameters=PinAttribute
PB11.Mode=Asynchronous
PB11.PinAttribute=CortexM7
PB11.Signal=USART3_RX
PB5.GPIOParameters=PinAttribute
PB5.Mode=Full_Duplex_Master
PB5.PinAttribute=CortexM7
PB5.Signal=SPI1_MOSI
PB6.GPIOParameters=PinAttribute
PB6.Mode=Asynchronous
PB6.PinAttribute=CortexM7
PB6.Signal=USART1_TX
PB7.GPIOParameters=PinAttribute
PB7.Mode=Asynchronous
PB7.PinAttribute=CortexM7
PB7.Signal=USART1_RX
PC10.GPIOParameters=PinAttribute
PC10.Mode=SD_4_bits_Wide_bus
PC10.PinAttribute=CortexM7
PC10.Signal=SDMMC1_D2
PC11.GPIOParameters=PinAttribute
PC11.Mode=SD_4_bits_Wide_bus
PC11.PinAttribute=CortexM7
PC11.Signal=SDMMC1_D3
PC12.GPIOParameters=PinAttribute
PC12.Mode=SD_4_bits_Wide_bus
PC12.PinAttribute=CortexM7
PC12.Signal=SDMMC1_CK
PC4.GPIOParameters=PinAttribute
PC4.PinAttribute=CortexM7
PC4.Signal=ADCx_INP4
PC8.GPIOParameters=PinAttribute
PC8.Mode=SD_4_bits_Wide_bus
PC8.PinAttribute=CortexM7
PC8.Signal=SDMMC1_D0
PC9.GPIOParameters=PinAttribute
PC9.Mode=SD_4_bits_Wide_bus
PC9.PinAttribute=CortexM7
PC9.Signal=SDMMC1_D1
PCC.Checker=true
PCC.Line=STM32H747/757
PCC.MCU=STM32H747XIHx
PCC.PartNumber=STM32H747XIHx
PCC.Seq0=0
PCC.Series=STM32H7
PCC.Temperature=25
PCC.Vdd=3.0
PD12.GPIOParameters=PinAttribute
PD12.Mode=Hardware Flow Control (RS485)
PD12.PinAttribute=CortexM7
PD12.Signal=USART3_DE
PD2.GPIOParameters=PinAttribute
PD2.Mode=SD_4_bits_Wide_bus
PD2.PinAttribute=CortexM7
PD2.Signal=SDMMC1_CMD
PD5.GPIOParameters=PinAttribute
PD5.Mode=Asynchronous
PD5.PinAttribute=CortexM7
PD5.Signal=USART2_TX
PD6.GPIOParameters=PinAttribute
PD6.Mode=Asynchronous
PD6.PinAttribute=CortexM7
PD6.Signal=USART2_RX
PE0.GPIOParameters=PinAttribute
PE0.Locked=true
PE0.PinAttribute=Free
PE0.Signal=GPIO_Input
PE1.GPIOParameters=PinAttribute
PE1.Locked=true
PE1.PinAttribute=Free
PE1.Signal=GPIO_Input
PE10.GPIOParameters=PinAttribute
PE10.Locked=true
PE10.PinAttribute=Free
PE10.Signal=GPIO_Input
PE11.GPIOParameters=PinAttribute
PE11.Locked=true
PE11.PinAttribute=Free
PE11.Signal=GPIO_Input
PE12.GPIOParameters=PinAttribute
PE12.Locked=true
PE12.PinAttribute=Free
PE12.Signal=GPIO_Input
PE13.GPIOParameters=PinAttribute
PE13.Locked=true
PE13.PinAttribute=Free
PE13.Signal=GPIO_Input
PE14.GPIOParameters=PinAttribute
PE14.Locked=true
PE14.PinAttribute=Free
PE14.Signal=GPIO_Input
PE15.GPIOParameters=PinAttribute
PE15.Locked=true
PE15.PinAttribute=Free
PE15.Signal=GPIO_Input
PE2.GPIOParameters=PinAttribute
PE2.Locked=true
PE2.PinAttribute=Free
PE2.Signal=GPIO_Input
PE3.GPIOParameters=PinAttribute
PE3.Locked=true
PE3.PinAttribute=Free
PE3.Signal=GPIO_Input
PE4.GPIOParameters=PinAttribute
PE4.Locked=true
PE4.PinAttribute=Free
PE4.Signal=GPIO_Input
PE5.GPIOParameters=PinAttribute
PE5.Locked=true
PE5.PinAttribute=Free
PE5.Signal=GPIO_Input
PE6.GPIOParameters=PinAttribute
PE6.Locked=true
PE6.PinAttribute=Free
PE6.Signal=GPIO_Input
PE7.GPIOParameters=PinAttribute
PE7.Locked=true
PE7.PinAttribute=Free
PE7.Signal=GPIO_Input
PE8.GPIOParameters=PinAttribute
PE8.Locked=true
PE8.PinAttribute=Free
PE8.Signal=GPIO_Input
PE9.GPIOParameters=PinAttribute
PE9.Locked=true
PE9.PinAttribute=Free
PE9.Signal=GPIO_Input
PF0.GPIOParameters=PinAttribute
PF0.Mode=I2C
PF0.PinAttribute=CortexM7
PF0.Signal=I2C2_SDA
PF1.GPIOParameters=PinAttribute
PF1.Mode=I2C
PF1.PinAttribute=CortexM7
PF1.Signal=I2C2_SCL
PF11.GPIOParameters=PinAttribute
PF11.Mode=IN2-Single-Ended
PF11.PinAttribute=CortexM7
PF11.Signal=ADC1_INP2
PF12.GPIOParameters=PinAttribute
PF12.Mode=IN6-Single-Ended
PF12.PinAttribute=CortexM7
PF12.Signal=ADC1_INP6
PG10.GPIOParameters=PinAttribute
PG10.Locked=true
PG10.PinAttribute=Free
PG10.Signal=GPIO_Output
PG11.GPIOParameters=PinAttribute
PG11.Mode=Full_Duplex_Master
PG11.PinAttribute=CortexM7
PG11.Signal=SPI1_SCK
PG12.GPIOParameters=PinAttribute
PG12.Locked=true
PG12.PinAttribute=Free
PG12.Signal=GPIO_Output
PG9.GPIOParameters=PinAttribute
PG9.Mode=Full_Duplex_Master
PG9.PinAttribute=CortexM7
PG9.Signal=SPI1_MISO
PH13.GPIOParameters=PinAttribute
PH13.Locked=true
PH13.Mode=FDCANFD
PH13.PinAttribute=CortexM7
PH13.Signal=FDCAN1_TX
PH14.GPIOParameters=PinAttribute
PH14.Mode=FDCANFD
PH14.PinAttribute=CortexM7
PH14.Signal=FDCAN1_RX
PI1.GPIOParameters=PinAttribute
PI1.Mode=Full_Duplex_Master
PI1.PinAttribute=CortexM7
PI1.Signal=SPI2_SCK
PI2.GPIOParameters=PinAttribute
PI2.Mode=Full_Duplex_Master
PI2.PinAttribute=CortexM7
PI2.Signal=SPI2_MISO
PI3.GPIOParameters=PinAttribute
PI3.Mode=Full_Duplex_Master
PI3.PinAttribute=CortexM7
PI3.Signal=SPI2_MOSI
PJ0.GPIOParameters=PinAttribute
PJ0.Locked=true
PJ0.PinAttribute=Free
PJ0.Signal=GPIO_Output
PJ1.GPIOParameters=PinAttribute
PJ1.Locked=true
PJ1.PinAttribute=Free
PJ1.Signal=GPIO_Output
PJ10.GPIOParameters=PinAttribute
PJ10.Locked=true
PJ10.PinAttribute=Free
PJ10.Signal=GPIO_Output
PJ11.GPIOParameters=PinAttribute
PJ11.Locked=true
PJ11.PinAttribute=Free
PJ11.Signal=GPIO_Output
PJ2.GPIOParameters=PinAttribute
PJ2.Locked=true
PJ2.PinAttribute=Free
PJ2.Signal=GPIO_Output
PJ3.GPIOParameters=PinAttribute
PJ3.Locked=true
PJ3.PinAttribute=Free
PJ3.Signal=GPIO_Output
PJ4.GPIOParameters=PinAttribute
PJ4.Locked=true
PJ4.PinAttribute=Free
PJ4.Signal=GPIO_Output
PJ5.GPIOParameters=PinAttribute
PJ5.Locked=true
PJ5.PinAttribute=Free
PJ5.Signal=GPIO_Output
PJ6.GPIOParameters=PinAttribute
PJ6.Locked=true
PJ6.PinAttribute=Free
PJ6.Signal=GPIO_Output
PJ7.GPIOParameters=PinAttribute
PJ7.Locked=true
PJ7.PinAttribute=Free
PJ7.Signal=GPIO_Output
PJ8.GPIOParameters=PinAttribute
PJ8.Locked=true
PJ8.PinAttribute=Free
PJ8.Signal=GPIO_Output
PJ9.GPIOParameters=PinAttribute
PJ9.Locked=true
PJ9.PinAttribute=Free
PJ9.Signal=GPIO_Output
PinOutPanel.CurrentBGAView=Top
PinOutPanel.RotationAngle=0
ProjectManager.AskForMigrate=true
ProjectManager.BackupPrevious=false
ProjectManager.BootMode=boot0
ProjectManager.CompilerOptimize=6
ProjectManager.ComputerToolchain=false
ProjectManager.CoupleFile=false
ProjectManager.CustomerFirmwarePackage=
ProjectManager.DefaultFWLocation=true
ProjectManager.DeletePrevious=true
ProjectManager.DeviceId=STM32H747XIHx
ProjectManager.FirmwarePackage=STM32Cube FW_H7 V1.6.0
ProjectManager.FreePins=false
ProjectManager.HalAssertFull=false
ProjectManager.HeapSize=0x200
ProjectManager.KeepUserCode=true
ProjectManager.LastFirmware=true
ProjectManager.LibraryCopy=0
ProjectManager.MainLocation=Src
ProjectManager.NoMain=false
ProjectManager.PreviousToolchain=
ProjectManager.ProjectBuild=false
ProjectManager.ProjectFileName=stm32_pci-card.ioc
ProjectManager.ProjectName=stm32_pci-card
ProjectManager.StackSize=0x400
ProjectManager.TargetToolchain=EWARM V8.32
ProjectManager.ToolChainLocation=
ProjectManager.UnderRoot=false
ProjectManager.functionlistsort=1-MX_GPIO_Init-GPIO-false-HAL-true-CortexM7,2-SystemClock_Config-RCC-false-HAL-false-CortexM7,3-MX_ADC1_Init-ADC1-false-HAL-true-CortexM7,4-MX_CORTEX_M7_Init-CORTEX_M7-false-HAL-true-CortexM7,5-MX_FDCAN1_Init-FDCAN1-false-HAL-true-CortexM7,6-MX_I2C2_Init-I2C2-false-HAL-true-CortexM7,7-MX_SPI1_Init-SPI1-false-HAL-true-CortexM7,8-MX_SPI2_Init-SPI2-false-HAL-true-CortexM7,9-MX_USART1_UART_Init-USART1-false-HAL-true-CortexM7,10-MX_USART2_UART_Init-USART2-false-HAL-true-CortexM7,11-MX_SDMMC1_SD_Init-SDMMC1-false-HAL-true-CortexM7,12-MX_USART3_UART_Init-USART3-false-HAL-true-CortexM7
RCC.ADCFreq_Value=129000000
RCC.AHB12Freq_Value=64000000
RCC.AHB4Freq_Value=64000000
RCC.APB1Freq_Value=64000000
RCC.APB2Freq_Value=64000000
RCC.APB3Freq_Value=64000000
RCC.APB4Freq_Value=64000000
RCC.AXIClockFreq_Value=64000000
RCC.CECFreq_Value=32000
RCC.CKPERFreq_Value=64000000
RCC.CPU2Freq_Value=64000000
RCC.CPU2SystikFreq_Value=64000000
RCC.CortexFreq_Value=64000000
RCC.CpuClockFreq_Value=64000000
RCC.D1CPREFreq_Value=64000000
RCC.DFSDMACLkFreq_Value=129000000
RCC.DFSDMFreq_Value=64000000
RCC.DIVP1Freq_Value=129000000
RCC.DIVP2Freq_Value=129000000
RCC.DIVP3Freq_Value=129000000
RCC.DIVQ1Freq_Value=129000000
RCC.DIVQ2Freq_Value=129000000
RCC.DIVQ3Freq_Value=129000000
RCC.DIVR1Freq_Value=129000000
RCC.DIVR2Freq_Value=129000000
RCC.DIVR3Freq_Value=129000000
RCC.DSIFreq_Value=62500000
RCC.DSITXEscFreq_Value=15625000
RCC.FDCANFreq_Value=129000000
RCC.FMCFreq_Value=64000000
RCC.FamilyName=M
RCC.HCLK3ClockFreq_Value=64000000
RCC.HCLKFreq_Value=64000000
RCC.HRTIMFreq_Value=64000000
RCC.I2C123Freq_Value=64000000
RCC.I2C4Freq_Value=64000000
RCC.IPParameters=ADCFreq_Value,AHB12Freq_Value,AHB4Freq_Value,APB1Freq_Value,APB2Freq_Value,APB3Freq_Value,APB4Freq_Value,AXIClockFreq_Value,CECFreq_Value,CKPERFreq_Value,CPU2Freq_Value,CPU2SystikFreq_Value,CortexFreq_Value,CpuClockFreq_Value,D1CPREFreq_Value,DFSDMACLkFreq_Value,DFSDMFreq_Value,DIVP1Freq_Value,DIVP2Freq_Value,DIVP3Freq_Value,DIVQ1Freq_Value,DIVQ2Freq_Value,DIVQ3Freq_Value,DIVR1Freq_Value,DIVR2Freq_Value,DIVR3Freq_Value,DSIFreq_Value,DSITXEscFreq_Value,FDCANFreq_Value,FMCFreq_Value,FamilyName,HCLK3ClockFreq_Value,HCLKFreq_Value,HRTIMFreq_Value,I2C123Freq_Value,I2C4Freq_Value,LPTIM1Freq_Value,LPTIM2Freq_Value,LPTIM345Freq_Value,LPUART1Freq_Value,LTDCFreq_Value,MCO1PinFreq_Value,MCO2PinFreq_Value,PLLDSIVCOFreq_Value,QSPIFreq_Value,RNGFreq_Value,RTCFreq_Value,SAI1Freq_Value,SAI23Freq_Value,SAI4AFreq_Value,SAI4BFreq_Value,SDMMCFreq_Value,SPDIFRXFreq_Value,SPI123Freq_Value,SPI45Freq_Value,SPI6Freq_Value,SWPMI1Freq_Value,SYSCLKFreq_VALUE,Tim1OutputFreq_Value,Tim2OutputFreq_Value,TraceFreq_Value,USART16Freq_Value,USART234578Freq_Value,USBFreq_Value,VCO1OutputFreq_Value,VCO2OutputFreq_Value,VCO3OutputFreq_Value,VCOInput1Freq_Value,VCOInput2Freq_Value,VCOInput3Freq_Value
RCC.LPTIM1Freq_Value=64000000
RCC.LPTIM2Freq_Value=64000000
RCC.LPTIM345Freq_Value=64000000
RCC.LPUART1Freq_Value=64000000
RCC.LTDCFreq_Value=129000000
RCC.MCO1PinFreq_Value=64000000
RCC.MCO2PinFreq_Value=64000000
RCC.PLLDSIVCOFreq_Value=1000000000
RCC.QSPIFreq_Value=64000000
RCC.RNGFreq_Value=48000000
RCC.RTCFreq_Value=32000
RCC.SAI1Freq_Value=129000000
RCC.SAI23Freq_Value=129000000
RCC.SAI4AFreq_Value=129000000
RCC.SAI4BFreq_Value=129000000
RCC.SDMMCFreq_Value=129000000
RCC.SPDIFRXFreq_Value=129000000
RCC.SPI123Freq_Value=129000000
RCC.SPI45Freq_Value=64000000
RCC.SPI6Freq_Value=64000000
RCC.SWPMI1Freq_Value=64000000
RCC.SYSCLKFreq_VALUE=64000000
RCC.Tim1OutputFreq_Value=64000000
RCC.Tim2OutputFreq_Value=64000000
RCC.TraceFreq_Value=64000000
RCC.USART16Freq_Value=64000000
RCC.USART234578Freq_Value=64000000
RCC.USBFreq_Value=129000000
RCC.VCO1OutputFreq_Value=258000000
RCC.VCO2OutputFreq_Value=258000000
RCC.VCO3OutputFreq_Value=258000000
RCC.VCOInput1Freq_Value=2000000
RCC.VCOInput2Freq_Value=2000000
RCC.VCOInput3Freq_Value=2000000
SH.ADCx_INP0.0=ADC1_INP0,IN0-Single-Ended
SH.ADCx_INP0.ConfNb=1
SH.ADCx_INP1.0=ADC1_INP1,IN1-Single-Ended
SH.ADCx_INP1.ConfNb=1
SH.ADCx_INP3.0=ADC1_INP3,IN3-Single-Ended
SH.ADCx_INP3.ConfNb=1
SH.ADCx_INP4.0=ADC1_INP4,IN4-Single-Ended
SH.ADCx_INP4.ConfNb=1
SH.ADCx_INP5.0=ADC1_INP5,IN5-Single-Ended
SH.ADCx_INP5.ConfNb=1
SH.ADCx_INP7.0=ADC1_INP7,IN7-Single-Ended
SH.ADCx_INP7.ConfNb=1
SPI1.CalculateBaudRate=64.5 MBits/s
SPI1.Direction=SPI_DIRECTION_2LINES
SPI1.IPParameters=VirtualType,Mode,Direction,CalculateBaudRate
SPI1.Mode=SPI_MODE_MASTER
SPI1.VirtualType=VM_MASTER
SPI2.CalculateBaudRate=64.5 MBits/s
SPI2.Direction=SPI_DIRECTION_2LINES
SPI2.IPParameters=VirtualType,Mode,Direction,CalculateBaudRate
SPI2.Mode=SPI_MODE_MASTER
SPI2.VirtualType=VM_MASTER
USART1.IPParameters=VirtualMode-Asynchronous
USART1.VirtualMode-Asynchronous=VM_ASYNC
USART2.IPParameters=VirtualMode-Asynchronous
USART2.VirtualMode-Asynchronous=VM_ASYNC
USART3.IPParameters=VirtualMode-Asynchronous,VirtualMode-Hardware Flow Control (RS485)
USART3.VirtualMode-Asynchronous=VM_ASYNC
USART3.VirtualMode-Hardware\ Flow\ Control\ (RS485)=VM_ASYNC
VP_SYS_M4_VS_Systick.Mode=SysTick
VP_SYS_M4_VS_Systick.Signal=SYS_M4_VS_Systick
VP_SYS_VS_Systick.Mode=SysTick
VP_SYS_VS_Systick.Signal=SYS_VS_Systick
board=custom
